<?xml version="1.0" encoding="utf-8"?>
<Project ToolsVersion="4.0" xmlns="http://schemas.microsoft.com/developer/msbuild/2003">
  <ItemGroup>
    <Filter Include="源文件">
      <UniqueIdentifier>{4FC737F1-C7A5-4376-A066-2A32D752A2FF}</UniqueIdentifier>
      <Extensions>cpp;c;cc;cxx;def;odl;idl;hpj;bat;asm;asmx</Extensions>
    </Filter>
    <Filter Include="头文件">
      <UniqueIdentifier>{93995380-89BD-4b04-88EB-625FBE52EBFB}</UniqueIdentifier>
      <Extensions>h;hh;hpp;hxx;hm;inl;inc;ipp;xsd</Extensions>
    </Filter>
    <Filter Include="资源文件">
      <UniqueIdentifier>{67DA6AB6-F800-4c08-8B7A-83BB121AAD01}</UniqueIdentifier>
      <Extensions>rc;ico;cur;bmp;dlg;rc2;rct;bin;rgs;gif;jpg;jpeg;jpe;resx;tiff;tif;png;wav;mfcribbon-ms</Extensions>
    </Filter>
  </ItemGroup>
  <ItemGroup>
    <ClInclude Include="stdafx.h">
      <Filter>头文件</Filter>
    </ClInclude>
    <ClInclude Include="targetver.h">
      <Filter>头文件</Filter>
    </ClInclude>
    <ClInclude Include="Resource.h">
      <Filter>头文件</Filter>
    </ClInclude>
    <ClInclude Include="Classify.h">
      <Filter>头文件</Filter>
    </ClInclude>
    <ClInclude Include="fontHandler.h">
      <Filter>头文件</Filter>
    </ClInclude>
    <ClInclude Include="constant.h">
      <Filter>头文件</Filter>
    </ClInclude>
    <ClInclude Include="util.h">
      <Filter>头文件</Filter>
    </ClInclude>
    <ClInclude Include="..\linux\student.h">
      <Filter>头文件</Filter>
    </ClInclude>
    <ClInclude Include="..\linux\class.h">
      <Filter>头文件</Filter>
    </ClInclude>
    <ClInclude Include="..\linux\common.h">
      <Filter>头文件</Filter>
    </ClInclude>
    <ClInclude Include="..\linux\datafield.h">
      <Filter>头文件</Filter>
    </ClInclude>
    <ClInclude Include="..\linux\utf8.h">
      <Filter>头文件</Filter>
    </ClInclude>
    <ClInclude Include="..\linux\stringsplitter.h">
      <Filter>头文件</Filter>
    </ClInclude>
    <ClInclude Include="..\linux\SAtarget.h">
      <Filter>头文件</Filter>
    </ClInclude>
    <ClInclude Include="..\linux\solution.h">
      <Filter>头文件</Filter>
    </ClInclude>
  </ItemGroup>
  <ItemGroup>
    <ClCompile Include="stdafx.cpp">
      <Filter>源文件</Filter>
    </ClCompile>
    <ClCompile Include="Classify.cpp">
      <Filter>源文件</Filter>
    </ClCompile>
    <ClCompile Include="fontHandler.cpp">
      <Filter>源文件</Filter>
    </ClCompile>
    <ClCompile Include="util.cpp">
      <Filter>源文件</Filter>
    </ClCompile>
    <ClCompile Include="..\linux\student.cpp">
      <Filter>源文件</Filter>
    </ClCompile>
    <ClCompile Include="..\linux\class.cpp">
      <Filter>源文件</Filter>
    </ClCompile>
    <ClCompile Include="..\linux\common.cpp">
      <Filter>源文件</Filter>
    </ClCompile>
    <ClCompile Include="..\linux\datafield.cpp">
      <Filter>源文件</Filter>
    </ClCompile>
    <ClCompile Include="..\linux\utf8.c">
      <Filter>源文件</Filter>
    </ClCompile>
    <ClCompile Include="..\linux\stringsplitter.cpp">
      <Filter>源文件</Filter>
    </ClCompile>
    <ClCompile Include="..\linux\SAtarget.cpp">
      <Filter>源文件</Filter>
    </ClCompile>
    <ClCompile Include="..\linux\solution.cpp">
      <Filter>源文件</Filter>
    </ClCompile>
  </ItemGroup>
  <ItemGroup>
    <ResourceCompile Include="Classify.rc">
      <Filter>资源文件</Filter>
    </ResourceCompile>
  </ItemGroup>
  <ItemGroup>
    <Image Include="small.ico">
      <Filter>资源文件</Filter>
    </Image>
    <Image Include="Classify.ico">
      <Filter>资源文件</Filter>
    </Image>
  </ItemGroup>
</Project>